
Microsoft Visual Studio Solution File, Format Version 12.00
# Visual Studio Version 17
VisualStudioVersion = 17.0.31903.59
MinimumVisualStudioVersion = 10.0.40219.1
Project("{2150E333-8FDC-42A3-9474-1A3956D46DE8}") = "src", "src", "{6BBCA265-8F96-414D-B804-17018BA49A55}"
	ProjectSection(SolutionItems) = preProject
		docker-compose.yml = docker-compose.yml
		src\EDA.Consumer\Adapters\EventBusConnectionException.cs = src\EDA.Consumer\Adapters\EventBusConnectionException.cs
		src\EDA.Consumer\Adapters\RabbitMQConnection.cs = src\EDA.Consumer\Adapters\RabbitMQConnection.cs
		src\EDA.Consumer\Adapters\RabbitMQSettings.cs = src\EDA.Consumer\Adapters\RabbitMQSettings.cs
		src\EDA.Consumer\appsettings.Development.json = src\EDA.Consumer\appsettings.Development.json
		src\EDA.Consumer\appsettings.json = src\EDA.Consumer\appsettings.json
		src\EDA.Consumer\bin\Debug\net9.0\appsettings.Development.json = src\EDA.Consumer\bin\Debug\net9.0\appsettings.Development.json
		src\EDA.Consumer\bin\Debug\net9.0\appsettings.json = src\EDA.Consumer\bin\Debug\net9.0\appsettings.json
		src\EDA.Consumer\bin\Debug\net9.0\CloudNative.CloudEvents.dll = src\EDA.Consumer\bin\Debug\net9.0\CloudNative.CloudEvents.dll
		src\EDA.Consumer\bin\Debug\net9.0\CloudNative.CloudEvents.SystemTextJson.dll = src\EDA.Consumer\bin\Debug\net9.0\CloudNative.CloudEvents.SystemTextJson.dll
		src\EDA.Consumer\bin\Debug\net9.0\EDA.Consumer.deps.json = src\EDA.Consumer\bin\Debug\net9.0\EDA.Consumer.deps.json
		src\EDA.Consumer\bin\Debug\net9.0\EDA.Consumer.dll = src\EDA.Consumer\bin\Debug\net9.0\EDA.Consumer.dll
		src\EDA.Consumer\bin\Debug\net9.0\EDA.Consumer.exe = src\EDA.Consumer\bin\Debug\net9.0\EDA.Consumer.exe
		src\EDA.Consumer\bin\Debug\net9.0\EDA.Consumer.pdb = src\EDA.Consumer\bin\Debug\net9.0\EDA.Consumer.pdb
		src\EDA.Consumer\bin\Debug\net9.0\EDA.Consumer.runtimeconfig.json = src\EDA.Consumer\bin\Debug\net9.0\EDA.Consumer.runtimeconfig.json
		src\EDA.Consumer\bin\Debug\net9.0\EDA.Consumer.staticwebassets.endpoints.json = src\EDA.Consumer\bin\Debug\net9.0\EDA.Consumer.staticwebassets.endpoints.json
		src\EDA.Consumer\bin\Debug\net9.0\RabbitMQ.Client.dll = src\EDA.Consumer\bin\Debug\net9.0\RabbitMQ.Client.dll
		src\EDA.Consumer\Core\ExternalEvents\OrderCreatedEvent.cs = src\EDA.Consumer\Core\ExternalEvents\OrderCreatedEvent.cs
		src\EDA.Consumer\Core\OrderCreatedEventHandler.cs = src\EDA.Consumer\Core\OrderCreatedEventHandler.cs
		src\EDA.Consumer\EDA.Consumer.csproj = src\EDA.Consumer\EDA.Consumer.csproj
		src\EDA.Consumer\obj\Debug\net9.0\.NETCoreApp,Version=v9.0.AssemblyAttributes.cs = src\EDA.Consumer\obj\Debug\net9.0\.NETCoreApp,Version=v9.0.AssemblyAttributes.cs
		src\EDA.Consumer\obj\Debug\net9.0\apphost.exe = src\EDA.Consumer\obj\Debug\net9.0\apphost.exe
		src\EDA.Consumer\obj\Debug\net9.0\EDA.Cons.7A6EA1A7.Up2Date = src\EDA.Consumer\obj\Debug\net9.0\EDA.Cons.7A6EA1A7.Up2Date
		src\EDA.Consumer\obj\Debug\net9.0\EDA.Consumer.AssemblyInfo.cs = src\EDA.Consumer\obj\Debug\net9.0\EDA.Consumer.AssemblyInfo.cs
		src\EDA.Consumer\obj\Debug\net9.0\EDA.Consumer.AssemblyInfoInputs.cache = src\EDA.Consumer\obj\Debug\net9.0\EDA.Consumer.AssemblyInfoInputs.cache
		src\EDA.Consumer\obj\Debug\net9.0\EDA.Consumer.assets.cache = src\EDA.Consumer\obj\Debug\net9.0\EDA.Consumer.assets.cache
		src\EDA.Consumer\obj\Debug\net9.0\EDA.Consumer.csproj.AssemblyReference.cache = src\EDA.Consumer\obj\Debug\net9.0\EDA.Consumer.csproj.AssemblyReference.cache
		src\EDA.Consumer\obj\Debug\net9.0\EDA.Consumer.csproj.CoreCompileInputs.cache = src\EDA.Consumer\obj\Debug\net9.0\EDA.Consumer.csproj.CoreCompileInputs.cache
		src\EDA.Consumer\obj\Debug\net9.0\EDA.Consumer.csproj.FileListAbsolute.txt = src\EDA.Consumer\obj\Debug\net9.0\EDA.Consumer.csproj.FileListAbsolute.txt
		src\EDA.Consumer\obj\Debug\net9.0\EDA.Consumer.dll = src\EDA.Consumer\obj\Debug\net9.0\EDA.Consumer.dll
		src\EDA.Consumer\obj\Debug\net9.0\EDA.Consumer.GeneratedMSBuildEditorConfig.editorconfig = src\EDA.Consumer\obj\Debug\net9.0\EDA.Consumer.GeneratedMSBuildEditorConfig.editorconfig
		src\EDA.Consumer\obj\Debug\net9.0\EDA.Consumer.genruntimeconfig.cache = src\EDA.Consumer\obj\Debug\net9.0\EDA.Consumer.genruntimeconfig.cache
		src\EDA.Consumer\obj\Debug\net9.0\EDA.Consumer.GlobalUsings.g.cs = src\EDA.Consumer\obj\Debug\net9.0\EDA.Consumer.GlobalUsings.g.cs
		src\EDA.Consumer\obj\Debug\net9.0\EDA.Consumer.MvcApplicationPartsAssemblyInfo.cache = src\EDA.Consumer\obj\Debug\net9.0\EDA.Consumer.MvcApplicationPartsAssemblyInfo.cache
		src\EDA.Consumer\obj\Debug\net9.0\EDA.Consumer.pdb = src\EDA.Consumer\obj\Debug\net9.0\EDA.Consumer.pdb
		src\EDA.Consumer\obj\Debug\net9.0\EDA.Consumer.sourcelink.json = src\EDA.Consumer\obj\Debug\net9.0\EDA.Consumer.sourcelink.json
		src\EDA.Consumer\obj\Debug\net9.0\ref\EDA.Consumer.dll = src\EDA.Consumer\obj\Debug\net9.0\ref\EDA.Consumer.dll
		src\EDA.Consumer\obj\Debug\net9.0\refint\EDA.Consumer.dll = src\EDA.Consumer\obj\Debug\net9.0\refint\EDA.Consumer.dll
		src\EDA.Consumer\obj\Debug\net9.0\staticwebassets\msbuild.build.EDA.Consumer.props = src\EDA.Consumer\obj\Debug\net9.0\staticwebassets\msbuild.build.EDA.Consumer.props
		src\EDA.Consumer\obj\Debug\net9.0\staticwebassets\msbuild.buildMultiTargeting.EDA.Consumer.props = src\EDA.Consumer\obj\Debug\net9.0\staticwebassets\msbuild.buildMultiTargeting.EDA.Consumer.props
		src\EDA.Consumer\obj\Debug\net9.0\staticwebassets\msbuild.buildTransitive.EDA.Consumer.props = src\EDA.Consumer\obj\Debug\net9.0\staticwebassets\msbuild.buildTransitive.EDA.Consumer.props
		src\EDA.Consumer\obj\Debug\net9.0\staticwebassets.build.endpoints.json = src\EDA.Consumer\obj\Debug\net9.0\staticwebassets.build.endpoints.json
		src\EDA.Consumer\obj\Debug\net9.0\staticwebassets.build.json = src\EDA.Consumer\obj\Debug\net9.0\staticwebassets.build.json
		src\EDA.Consumer\obj\EDA.Consumer.csproj.nuget.dgspec.json = src\EDA.Consumer\obj\EDA.Consumer.csproj.nuget.dgspec.json
		src\EDA.Consumer\obj\EDA.Consumer.csproj.nuget.g.props = src\EDA.Consumer\obj\EDA.Consumer.csproj.nuget.g.props
		src\EDA.Consumer\obj\EDA.Consumer.csproj.nuget.g.targets = src\EDA.Consumer\obj\EDA.Consumer.csproj.nuget.g.targets
		src\EDA.Consumer\obj\project.assets.json = src\EDA.Consumer\obj\project.assets.json
		src\EDA.Consumer\obj\project.nuget.cache = src\EDA.Consumer\obj\project.nuget.cache
		src\EDA.Consumer\obj\project.packagespec.json = src\EDA.Consumer\obj\project.packagespec.json
		src\EDA.Consumer\obj\rider.project.model.nuget.info = src\EDA.Consumer\obj\rider.project.model.nuget.info
		src\EDA.Consumer\obj\rider.project.restore.info = src\EDA.Consumer\obj\rider.project.restore.info
		src\EDA.Consumer\OrderCreatedEventWorker.cs = src\EDA.Consumer\OrderCreatedEventWorker.cs
		src\EDA.Consumer\Program.cs = src\EDA.Consumer\Program.cs
		src\EDA.Consumer\Properties\launchSettings.json = src\EDA.Consumer\Properties\launchSettings.json
		src\EDA.Consumer\ServiceExtensions.cs = src\EDA.Consumer\ServiceExtensions.cs
	EndProjectSection
EndProject
Project("{FAE04EC0-301F-11D3-BF4B-00C04F79EFBC}") = "EDA.Producer", "src\EDA.Producer\EDA.Producer.csproj", "{0EF12E60-6BF6-4966-87D2-83DBD555641A}"
EndProject
Project("{FAE04EC0-301F-11D3-BF4B-00C04F79EFBC}") = "EDA.Consumer", "src\EDA.Consumer\EDA.Consumer.csproj", "{68EC2848-B6C8-4397-AA06-5D6B792CA47B}"
EndProject
Project("{FAE04EC0-301F-11D3-BF4B-00C04F79EFBC}") = "shared", "src\shared\shared.csproj", "{3037D39F-51B4-4E3D-99E9-5D1DBAB78B4B}"
EndProject
Global
	GlobalSection(SolutionConfigurationPlatforms) = preSolution
		Debug|Any CPU = Debug|Any CPU
		Release|Any CPU = Release|Any CPU
	EndGlobalSection
	GlobalSection(SolutionProperties) = preSolution
		HideSolutionNode = FALSE
	EndGlobalSection
	GlobalSection(ProjectConfigurationPlatforms) = postSolution
		{0EF12E60-6BF6-4966-87D2-83DBD555641A}.Debug|Any CPU.ActiveCfg = Debug|Any CPU
		{0EF12E60-6BF6-4966-87D2-83DBD555641A}.Debug|Any CPU.Build.0 = Debug|Any CPU
		{0EF12E60-6BF6-4966-87D2-83DBD555641A}.Release|Any CPU.ActiveCfg = Release|Any CPU
		{0EF12E60-6BF6-4966-87D2-83DBD555641A}.Release|Any CPU.Build.0 = Release|Any CPU
		{3037D39F-51B4-4E3D-99E9-5D1DBAB78B4B}.Debug|Any CPU.ActiveCfg = Debug|Any CPU
		{3037D39F-51B4-4E3D-99E9-5D1DBAB78B4B}.Debug|Any CPU.Build.0 = Debug|Any CPU
		{3037D39F-51B4-4E3D-99E9-5D1DBAB78B4B}.Release|Any CPU.ActiveCfg = Release|Any CPU
		{3037D39F-51B4-4E3D-99E9-5D1DBAB78B4B}.Release|Any CPU.Build.0 = Release|Any CPU
		{68EC2848-B6C8-4397-AA06-5D6B792CA47B}.Debug|Any CPU.ActiveCfg = Debug|Any CPU
		{68EC2848-B6C8-4397-AA06-5D6B792CA47B}.Debug|Any CPU.Build.0 = Debug|Any CPU
	EndGlobalSection
	GlobalSection(NestedProjects) = preSolution
		{0EF12E60-6BF6-4966-87D2-83DBD555641A} = {6BBCA265-8F96-414D-B804-17018BA49A55}
	EndGlobalSection
EndGlobal
